{
  "lockfileVersion": 1,
  "workspaces": {
    "": {
      "dependencies": {
        "@sinclair/typebox": "^0.34.40",
      },
    },
  },
  "packages": {
    "@sinclair/typebox": ["@sinclair/typebox@0.34.40", "", {}, "sha512-gwBNIP8ZAYev/ORDWW0QvxdwPXwxBtLsdsJgSc7eDIRt8ubP+rxUBzPsrwnu16fgEF8Bx4lh/+mvQvJzcTM6Kw=="],
  }
}
